
Microsoft Visual Studio Solution File, Format Version 12.00
# Visual Studio Version 17
VisualStudioVersion = 17.7.34031.279
MinimumVisualStudioVersion = 10.0.40219.1
Project("{FAE04EC0-301F-11D3-BF4B-00C04F79EFBC}") = "QLBH_BACHHOAXANH", "QLBH_BACHHOAXANH\QLBH_BACHHOAXANH.csproj", "{C398BEE0-FDC1-42CD-84F6-A1B780FE0FDD}"
EndProject
Global
	GlobalSection(SolutionConfigurationPlatforms) = preSolution
		Debug|Any CPU = Debug|Any CPU
		Release|Any CPU = Release|Any CPU
	EndGlobalSection
	GlobalSection(ProjectConfigurationPlatforms) = postSolution
		{C398BEE0-FDC1-42CD-84F6-A1B780FE0FDD}.Debug|Any CPU.ActiveCfg = Debug|Any CPU
		{C398BEE0-FDC1-42CD-84F6-A1B780FE0FDD}.Debug|Any CPU.Build.0 = Debug|Any CPU
		{C398BEE0-FDC1-42CD-84F6-A1B780FE0FDD}.Release|Any CPU.ActiveCfg = Release|Any CPU
		{C398BEE0-FDC1-42CD-84F6-A1B780FE0FDD}.Release|Any CPU.Build.0 = Release|Any CPU
	EndGlobalSection
	GlobalSection(SolutionProperties) = preSolution
		HideSolutionNode = FALSE
	EndGlobalSection
	GlobalSection(ExtensibilityGlobals) = postSolution
		SolutionGuid = {0E92C155-F5C0-478F-B391-4C86D9AA4683}
	EndGlobalSection
EndGlobal
